
Microsoft Visual Studio Solution File, Format Version 12.00
# Visual Studio Version 17
VisualStudioVersion = 17.5.002.0
MinimumVisualStudioVersion = 10.0.40219.1
Project("{9A19103F-16F7-4668-BE54-9A1E7A4F7556}") = "DotNetDependencies", "DotNetDependencies.csproj", "{5C111F9A-201F-4F61-B95F-5CC0A3BF42B5}"
EndProject
Global
	GlobalSection(SolutionConfigurationPlatforms) = preSolution
		Debug|Any CPU = Debug|Any CPU
		Release|Any CPU = Release|Any CPU
	EndGlobalSection
	GlobalSection(ProjectConfigurationPlatforms) = postSolution
		{5C111F9A-201F-4F61-B95F-5CC0A3BF42B5}.Debug|Any CPU.ActiveCfg = Debug|Any CPU
		{5C111F9A-201F-4F61-B95F-5CC0A3BF42B5}.Debug|Any CPU.Build.0 = Debug|Any CPU
		{5C111F9A-201F-4F61-B95F-5CC0A3BF42B5}.Release|Any CPU.ActiveCfg = Release|Any CPU
		{5C111F9A-201F-4F61-B95F-5CC0A3BF42B5}.Release|Any CPU.Build.0 = Release|Any CPU
	EndGlobalSection
	GlobalSection(SolutionProperties) = preSolution
		HideSolutionNode = FALSE
	EndGlobalSection
	GlobalSection(ExtensibilityGlobals) = postSolution
		SolutionGuid = {5B50B6A6-4EA0-46B9-8764-9CD1B52297D7}
	EndGlobalSection
EndGlobal
